{
  "name": "scroll_animation",
  "lockfileVersion": 3,
  "requires": true,
  "packages": {
    "": {
      "dependencies": {
        "@dicebear/collection": "^6.0.3",
        "@dicebear/core": "^6.0.3"
      }
    },
    "node_modules/@dicebear/adventurer": {
      "version": "6.0.3",
      "resolved": "https://registry.npmjs.org/@dicebear/adventurer/-/adventurer-6.0.3.tgz",
      "integrity": "sha512-52PkjZxjKT96+M4IO19WOUXClaAUV/6DjJivPnT1sST5i+e2kN/KgnkfgQ7jVDxT+5LrIg2onyOS/VK1vTBvOw==",
      "engines": {
        "node": ">=16.0.0"
      },
      "peerDependencies": {
        "@dicebear/core": "^6.0.0"
      }
    },
    "node_modules/@dicebear/adventurer-neutral": {
      "version": "6.0.3",
      "resolved": "https://registry.npmjs.org/@dicebear/adventurer-neutral/-/adventurer-neutral-6.0.3.tgz",
      "integrity": "sha512-Ke+eyFqYdwi1VPREHMQXitI0/3pqrkoGT8P+3Z4dGPhmDwyWbXzedlS7e6jsQ6MhPed+FG+OKFmD92TRl+7tfQ==",
      "engines": {
        "node": ">=16.0.0"
      },
      "peerDependencies": {
        "@dicebear/core": "^6.0.0"
      }
    },
    "node_modules/@dicebear/avataaars": {
      "version": "6.0.3",
      "resolved": "https://registry.npmjs.org/@dicebear/avataaars/-/avataaars-6.0.3.tgz",
      "integrity": "sha512-DVUPXuvPunNfC6Ffwd2FqrXWNxvACEdNSPZRrH2v9wfnVVNPKlYRlqVtZrnyCCtl50Gek2wosepg07u/eE5jKg==",
      "engines": {
        "node": ">=16.0.0"
      },
      "peerDependencies": {
        "@dicebear/core": "^6.0.0"
      }
    },
    "node_modules/@dicebear/avataaars-neutral": {
      "version": "6.0.3",
      "resolved": "https://registry.npmjs.org/@dicebear/avataaars-neutral/-/avataaars-neutral-6.0.3.tgz",
      "integrity": "sha512-FnvttEB4zpRaAvHFSwo1qjgGEJXdLuucLK5GRARHHBcn8Cn5CzmHBtp7KPq6aj8HygupZUlBMXIJ/wGPXMljSg==",
      "engines": {
        "node": ">=16.0.0"
      },
      "peerDependencies": {
        "@dicebear/core": "^6.0.0"
      }
    },
    "node_modules/@dicebear/big-ears": {
      "version": "6.0.3",
      "resolved": "https://registry.npmjs.org/@dicebear/big-ears/-/big-ears-6.0.3.tgz",
      "integrity": "sha512-9zz+OeHjLl1/fT02mXHTnH/U1Upb9jP+CSMV0QE2PY4osPN+T34DS7C817FTBES9i/QPpGzfdX/QrS2TkC1bmA==",
      "engines": {
        "node": ">=16.0.0"
      },
      "peerDependencies": {
        "@dicebear/core": "^6.0.0"
      }
    },
    "node_modules/@dicebear/big-ears-neutral": {
      "version": "6.0.3",
      "resolved": "https://registry.npmjs.org/@dicebear/big-ears-neutral/-/big-ears-neutral-6.0.3.tgz",
      "integrity": "sha512-0Y2nVxoC3M9C+vOhcMN7xPm/+FcHaXtEs/cMPgxSXEsAPyTlkrecHUhRUlCNuP4i1GiSJhVOKW3I6GloHoXudA==",
      "engines": {
        "node": ">=16.0.0"
      },
      "peerDependencies": {
        "@dicebear/core": "^6.0.0"
      }
    },
    "node_modules/@dicebear/big-smile": {
      "version": "6.0.3",
      "resolved": "https://registry.npmjs.org/@dicebear/big-smile/-/big-smile-6.0.3.tgz",
      "integrity": "sha512-98BYBKHkf1EYyd2kMFZC4RjRwawsjMqFT2zExhT2ja3espu1wCdr/3tR0r2WzpYe1fYwVP/TwqsUxPjZl0FvjQ==",
      "engines": {
        "node": ">=16.0.0"
      },
      "peerDependencies": {
        "@dicebear/core": "^6.0.0"
      }
    },
    "node_modules/@dicebear/bottts": {
      "version": "6.0.3",
      "resolved": "https://registry.npmjs.org/@dicebear/bottts/-/bottts-6.0.3.tgz",
      "integrity": "sha512-NhLUPi8YF3LGkfny5sH/ev+t3pKxoCcd9qPlx6qGl2n1knXiBqkAWqkGBGPuYdgLQbI0JbpgPzAOTRQlhVxZgQ==",
      "engines": {
        "node": ">=16.0.0"
      },
      "peerDependencies": {
        "@dicebear/core": "^6.0.0"
      }
    },
    "node_modules/@dicebear/bottts-neutral": {
      "version": "6.0.3",
      "resolved": "https://registry.npmjs.org/@dicebear/bottts-neutral/-/bottts-neutral-6.0.3.tgz",
      "integrity": "sha512-FQC6SlqCoWzOg6XFgup9byGBa9zzEt+vtfCYasHQKvulgfCN80FCF0uJ9sMqi1WQyolnSr2QxXc5Djyutn3VNA==",
      "engines": {
        "node": ">=16.0.0"
      },
      "peerDependencies": {
        "@dicebear/core": "^6.0.0"
      }
    },
    "node_modules/@dicebear/collection": {
      "version": "6.0.3",
      "resolved": "https://registry.npmjs.org/@dicebear/collection/-/collection-6.0.3.tgz",
      "integrity": "sha512-SA+ByZu3WtbbkcpVW+IUcP49cuy8+Ws9EX+6g5nJmj5Q6BUh5qrRhZKSV5AVWUECRN72ZMVU85PJezsYBIrVZQ==",
      "dependencies": {
        "@dicebear/adventurer": "6.0.3",
        "@dicebear/adventurer-neutral": "6.0.3",
        "@dicebear/avataaars": "6.0.3",
        "@dicebear/avataaars-neutral": "6.0.3",
        "@dicebear/big-ears": "6.0.3",
        "@dicebear/big-ears-neutral": "6.0.3",
        "@dicebear/big-smile": "6.0.3",
        "@dicebear/bottts": "6.0.3",
        "@dicebear/bottts-neutral": "6.0.3",
        "@dicebear/croodles": "6.0.3",
        "@dicebear/croodles-neutral": "6.0.3",
        "@dicebear/fun-emoji": "6.0.3",
        "@dicebear/icons": "6.0.3",
        "@dicebear/identicon": "6.0.3",
        "@dicebear/initials": "6.0.3",
        "@dicebear/lorelei": "6.0.3",
        "@dicebear/lorelei-neutral": "6.0.3",
        "@dicebear/micah": "6.0.3",
        "@dicebear/miniavs": "6.0.3",
        "@dicebear/notionists": "6.0.3",
        "@dicebear/notionists-neutral": "6.0.3",
        "@dicebear/open-peeps": "6.0.3",
        "@dicebear/personas": "6.0.3",
        "@dicebear/pixel-art": "6.0.3",
        "@dicebear/pixel-art-neutral": "6.0.3",
        "@dicebear/shapes": "6.0.3",
        "@dicebear/thumbs": "6.0.3"
      },
      "engines": {
        "node": ">=16.0.0"
      },
      "peerDependencies": {
        "@dicebear/core": "^6.0.0"
      }
    },
    "node_modules/@dicebear/converter": {
      "version": "6.0.3",
      "resolved": "https://registry.npmjs.org/@dicebear/converter/-/converter-6.0.3.tgz",
      "integrity": "sha512-/xy8fYWskEdrAkfDCXhsJ22pkh/GVxVcYQ6AyDIJIG53NgzEsClCZ8FodP7FjPpPHra83x2AZoXIhV/yDPPrkw==",
      "dependencies": {
        "@types/json-schema": "^7.0.11",
        "tmp-promise": "^3.0.3"
      },
      "engines": {
        "node": ">=16.0.0"
      },
      "peerDependencies": {
        "@resvg/resvg-js": "^2.4.1",
        "exiftool-vendored": "^21.2.0",
        "sharp": "^0.31.3"
      },
      "peerDependenciesMeta": {
        "@resvg/resvg-js": {
          "optional": true
        },
        "exiftool-vendored": {
          "optional": true
        },
        "sharp": {
          "optional": true
        }
      }
    },
    "node_modules/@dicebear/core": {
      "version": "6.0.3",
      "resolved": "https://registry.npmjs.org/@dicebear/core/-/core-6.0.3.tgz",
      "integrity": "sha512-h+SG+RLaMNG6PR4if+uX8+GuO1r9Q/wKAoogpTrkOg0JkUBaaZv+CaUHSg3Ppd7zDZC0H7SuAEsCJuvJELa8iA==",
      "dependencies": {
        "@dicebear/converter": "6.0.3",
        "@types/json-schema": "^7.0.11"
      },
      "engines": {
        "node": ">=16.0.0"
      }
    },
    "node_modules/@dicebear/croodles": {
      "version": "6.0.3",
      "resolved": "https://registry.npmjs.org/@dicebear/croodles/-/croodles-6.0.3.tgz",
      "integrity": "sha512-4/9hpfRa7csYS9OjKLZ0hdXUzlr6eJpmRNjepG36mF/sGuAnRfnAJkEY4I++1rDmAHEAvd/hU85ZXnEYbSdhVw==",
      "engines": {
        "node": ">=16.0.0"
      },
      "peerDependencies": {
        "@dicebear/core": "^6.0.0"
      }
    },
    "node_modules/@dicebear/croodles-neutral": {
      "version": "6.0.3",
      "resolved": "https://registry.npmjs.org/@dicebear/croodles-neutral/-/croodles-neutral-6.0.3.tgz",
      "integrity": "sha512-/AN1x9hBObDW8nzgPumvQbzC41v8WsCepldHebxgxJWLYF/zIxQrMXDG7VVuBFVvGIMCpWmkRRxZRFmvZbkIFg==",
      "engines": {
        "node": ">=16.0.0"
      },
      "peerDependencies": {
        "@dicebear/core": "^6.0.0"
      }
    },
    "node_modules/@dicebear/fun-emoji": {
      "version": "6.0.3",
      "resolved": "https://registry.npmjs.org/@dicebear/fun-emoji/-/fun-emoji-6.0.3.tgz",
      "integrity": "sha512-2O+vAIWSSQJWU/rDwK1T9eOfYDCUA5bsB9Z6uuTAl95bP0fCiVCqXp/gD+n/TgWu9GxGVaj6ZK4g8a9/3tUUEg==",
      "engines": {
        "node": ">=16.0.0"
      },
      "peerDependencies": {
        "@dicebear/core": "^6.0.0"
      }
    },
    "node_modules/@dicebear/icons": {
      "version": "6.0.3",
      "resolved": "https://registry.npmjs.org/@dicebear/icons/-/icons-6.0.3.tgz",
      "integrity": "sha512-Hu1v0teMTpO4FN6Ww/TFlOqoHDCoTRAREs/zcMRJwtEagUOYjkA50vjG6S6kNVGKTphIeHNfa2+Am3t6pkK3qg==",
      "engines": {
        "node": ">=16.0.0"
      },
      "peerDependencies": {
        "@dicebear/core": "^6.0.0"
      }
    },
    "node_modules/@dicebear/identicon": {
      "version": "6.0.3",
      "resolved": "https://registry.npmjs.org/@dicebear/identicon/-/identicon-6.0.3.tgz",
      "integrity": "sha512-JAGtpefkeZk/gvSx2VUbcCikxYlIyAasNiNl2XRBGuQ8pNtjw9XGYNeTMHc1RsEmfZ6RRSa5EM9mC6XZy+Dypw==",
      "engines": {
        "node": ">=16.0.0"
      },
      "peerDependencies": {
        "@dicebear/core": "^6.0.0"
      }
    },
    "node_modules/@dicebear/initials": {
      "version": "6.0.3",
      "resolved": "https://registry.npmjs.org/@dicebear/initials/-/initials-6.0.3.tgz",
      "integrity": "sha512-IFridsnDsKBq6o7XZ+nNuEgFaHKhq4RTTZQLJDRi/tEbakiQJoUSNGDXIdcrdLNvJ7dDfKfcACCSRJ7+aj84Yg==",
      "engines": {
        "node": ">=16.0.0"
      },
      "peerDependencies": {
        "@dicebear/core": "^6.0.0"
      }
    },
    "node_modules/@dicebear/lorelei": {
      "version": "6.0.3",
      "resolved": "https://registry.npmjs.org/@dicebear/lorelei/-/lorelei-6.0.3.tgz",
      "integrity": "sha512-LT3s/Sr8EBKmj++cjHmJLTzdHnAJYLOvDB/UhGVz7xLsepF2JfD3hzGgSLmlqkNCdkSJlEM2csn4EDdVYItoLw==",
      "engines": {
        "node": ">=16.0.0"
      },
      "peerDependencies": {
        "@dicebear/core": "^6.0.0"
      }
    },
    "node_modules/@dicebear/lorelei-neutral": {
      "version": "6.0.3",
      "resolved": "https://registry.npmjs.org/@dicebear/lorelei-neutral/-/lorelei-neutral-6.0.3.tgz",
      "integrity": "sha512-XtPsqa0hZav8h8scENRSayxjVnrpbXLu2LzJa6foAYjYPmI6g0fqkBLjcE7UCoSOjOGYdqkbJ3265bXMaiROnw==",
      "engines": {
        "node": ">=16.0.0"
      },
      "peerDependencies": {
        "@dicebear/core": "^6.0.0"
      }
    },
    "node_modules/@dicebear/micah": {
      "version": "6.0.3",
      "resolved": "https://registry.npmjs.org/@dicebear/micah/-/micah-6.0.3.tgz",
      "integrity": "sha512-hYtvqexzJumPvi5SSV+EfyllbJ807QF+gIUbZesd8jN6K0apzdfUhl3rDhzcGbvHz4Dxm3PRKORqYl44gdQ6CQ==",
      "engines": {
        "node": ">=16.0.0"
      },
      "peerDependencies": {
        "@dicebear/core": "^6.0.0"
      }
    },
    "node_modules/@dicebear/miniavs": {
      "version": "6.0.3",
      "resolved": "https://registry.npmjs.org/@dicebear/miniavs/-/miniavs-6.0.3.tgz",
      "integrity": "sha512-8UozyFjDFT5VHZCvhUYbAhXVE7k/Asg1b4qMHlY5rTgvxy+v+KABnmUM1ng+zlN5lgd4MVnNUBdWrHx9GxOVdQ==",
      "engines": {
        "node": ">=16.0.0"
      },
      "peerDependencies": {
        "@dicebear/core": "^6.0.0"
      }
    },
    "node_modules/@dicebear/notionists": {
      "version": "6.0.3",
      "resolved": "https://registry.npmjs.org/@dicebear/notionists/-/notionists-6.0.3.tgz",
      "integrity": "sha512-7WH/3KHzkiFHhmsxO99BpfGTy3aV7xDu5hWriZpu0o+UofqDBNeyLfC6jCqREJH1gBR+r+B/RtyHWSST7N4P7Q==",
      "engines": {
        "node": ">=16.0.0"
      },
      "peerDependencies": {
        "@dicebear/core": "^6.0.0"
      }
    },
    "node_modules/@dicebear/notionists-neutral": {
      "version": "6.0.3",
      "resolved": "https://registry.npmjs.org/@dicebear/notionists-neutral/-/notionists-neutral-6.0.3.tgz",
      "integrity": "sha512-/QNvdLjL2Hoy7WIqxh5ITXWO6tUBS3h6BCaZ/KhkaFldtyOPYnLWouUWY5i+LyQ9/WwJ2yu6AnyXoGVhXcDl6w==",
      "engines": {
        "node": ">=16.0.0"
      },
      "peerDependencies": {
        "@dicebear/core": "^6.0.0"
      }
    },
    "node_modules/@dicebear/open-peeps": {
      "version": "6.0.3",
      "resolved": "https://registry.npmjs.org/@dicebear/open-peeps/-/open-peeps-6.0.3.tgz",
      "integrity": "sha512-VK3+mfjewxCAppYjkGGJ4BJWmKkQ4T6N8OcoYmpthMfg4tasYLueQOQLd0duKphhzPK0dGyyuxvcfRI9ct/r9w==",
      "engines": {
        "node": ">=16.0.0"
      },
      "peerDependencies": {
        "@dicebear/core": "^6.0.0"
      }
    },
    "node_modules/@dicebear/personas": {
      "version": "6.0.3",
      "resolved": "https://registry.npmjs.org/@dicebear/personas/-/personas-6.0.3.tgz",
      "integrity": "sha512-Ih9ISwNS9BXdrTGs/KNGgyE0JWRPmHpLKCC1bsEyzp70ChyDMIhPUPk4A4lNseLlfm/nmfQ40wgDhyzabcjPVA==",
      "engines": {
        "node": ">=16.0.0"
      },
      "peerDependencies": {
        "@dicebear/core": "^6.0.0"
      }
    },
    "node_modules/@dicebear/pixel-art": {
      "version": "6.0.3",
      "resolved": "https://registry.npmjs.org/@dicebear/pixel-art/-/pixel-art-6.0.3.tgz",
      "integrity": "sha512-6l2ada7kw5S7y4Kg8Ciuor/NAbpxAW6jIKrScVFlb8uzcXTQmYE2h7Ecd/MerHjqtaMKliwqXSefnztKLstyyw==",
      "engines": {
        "node": ">=16.0.0"
      },
      "peerDependencies": {
        "@dicebear/core": "^6.0.0"
      }
    },
    "node_modules/@dicebear/pixel-art-neutral": {
      "version": "6.0.3",
      "resolved": "https://registry.npmjs.org/@dicebear/pixel-art-neutral/-/pixel-art-neutral-6.0.3.tgz",
      "integrity": "sha512-IkSy8NTHYUeW/mll8f9tPFT8+G2h5SRec18flFjPdrz+KnfsdcPMUMtDLeJrWO/B2jqy8BwmNtqSuvXsX02oJw==",
      "engines": {
        "node": ">=16.0.0"
      },
      "peerDependencies": {
        "@dicebear/core": "^6.0.0"
      }
    },
    "node_modules/@dicebear/shapes": {
      "version": "6.0.3",
      "resolved": "https://registry.npmjs.org/@dicebear/shapes/-/shapes-6.0.3.tgz",
      "integrity": "sha512-L0eW/Yvork3iNTVGBmy6Ayz878n55NiUxHSiWsHq/7szXv1KN9q0WB04As9bfTWitPJXTQ6TP+zuTHw3o6IUcw==",
      "engines": {
        "node": ">=16.0.0"
      },
      "peerDependencies": {
        "@dicebear/core": "^6.0.0"
      }
    },
    "node_modules/@dicebear/thumbs": {
      "version": "6.0.3",
      "resolved": "https://registry.npmjs.org/@dicebear/thumbs/-/thumbs-6.0.3.tgz",
      "integrity": "sha512-Z5mvn6P4C8JBO4X8MMHWIB4H76tGhkfpPk7htaFWwGDS7dSg4vj+3HiR865acugS7edugwNXlJ3a2ex/6/yP3A==",
      "engines": {
        "node": ">=16.0.0"
      },
      "peerDependencies": {
        "@dicebear/core": "^6.0.0"
      }
    },
    "node_modules/@types/json-schema": {
      "version": "7.0.11",
      "resolved": "https://registry.npmjs.org/@types/json-schema/-/json-schema-7.0.11.tgz",
      "integrity": "sha512-wOuvG1SN4Us4rez+tylwwwCV1psiNVOkJeM3AUWUNWg/jDQY2+HE/444y5gc+jBmRqASOm2Oeh5c1axHobwRKQ=="
    },
    "node_modules/balanced-match": {
      "version": "1.0.2",
      "resolved": "https://registry.npmjs.org/balanced-match/-/balanced-match-1.0.2.tgz",
      "integrity": "sha512-3oSeUO0TMV67hN1AmbXsK4yaqU7tjiHlbxRDZOpH0KW9+CeX4bRAaX0Anxt0tx2MrpRpWwQaPwIlISEJhYU5Pw=="
    },
    "node_modules/brace-expansion": {
      "version": "1.1.11",
      "resolved": "https://registry.npmjs.org/brace-expansion/-/brace-expansion-1.1.11.tgz",
      "integrity": "sha512-iCuPHDFgrHX7H2vEI/5xpz07zSHB00TpugqhmYtVmMO6518mCuRMoOYFldEBl0g187ufozdaHgWKcYFb61qGiA==",
      "dependencies": {
        "balanced-match": "^1.0.0",
        "concat-map": "0.0.1"
      }
    },
    "node_modules/concat-map": {
      "version": "0.0.1",
      "resolved": "https://registry.npmjs.org/concat-map/-/concat-map-0.0.1.tgz",
      "integrity": "sha512-/Srv4dswyQNBfohGpz9o6Yb3Gz3SrUDqBH5rTuhGR7ahtlbYKnVxw2bCFMRljaA7EXHaXZ8wsHdodFvbkhKmqg=="
    },
    "node_modules/fs.realpath": {
      "version": "1.0.0",
      "resolved": "https://registry.npmjs.org/fs.realpath/-/fs.realpath-1.0.0.tgz",
      "integrity": "sha512-OO0pH2lK6a0hZnAdau5ItzHPI6pUlvI7jMVnxUQRtw4owF2wk8lOSabtGDCTP4Ggrg2MbGnWO9X8K1t4+fGMDw=="
    },
    "node_modules/glob": {
      "version": "7.2.3",
      "resolved": "https://registry.npmjs.org/glob/-/glob-7.2.3.tgz",
      "integrity": "sha512-nFR0zLpU2YCaRxwoCJvL6UvCH2JFyFVIvwTLsIf21AuHlMskA1hhTdk+LlYJtOlYt9v6dvszD2BGRqBL+iQK9Q==",
      "dependencies": {
        "fs.realpath": "^1.0.0",
        "inflight": "^1.0.4",
        "inherits": "2",
        "minimatch": "^3.1.1",
        "once": "^1.3.0",
        "path-is-absolute": "^1.0.0"
      },
      "engines": {
        "node": "*"
      },
      "funding": {
        "url": "https://github.com/sponsors/isaacs"
      }
    },
    "node_modules/inflight": {
      "version": "1.0.6",
      "resolved": "https://registry.npmjs.org/inflight/-/inflight-1.0.6.tgz",
      "integrity": "sha512-k92I/b08q4wvFscXCLvqfsHCrjrF7yiXsQuIVvVE7N82W3+aqpzuUdBbfhWcy/FZR3/4IgflMgKLOsvPDrGCJA==",
      "dependencies": {
        "once": "^1.3.0",
        "wrappy": "1"
      }
    },
    "node_modules/inherits": {
      "version": "2.0.4",
      "resolved": "https://registry.npmjs.org/inherits/-/inherits-2.0.4.tgz",
      "integrity": "sha512-k/vGaX4/Yla3WzyMCvTQOXYeIHvqOKtnqBduzTHpzpQZzAskKMhZ2K+EnBiSM9zGSoIFeMpXKxa4dYeZIQqewQ=="
    },
    "node_modules/minimatch": {
      "version": "3.1.2",
      "resolved": "https://registry.npmjs.org/minimatch/-/minimatch-3.1.2.tgz",
      "integrity": "sha512-J7p63hRiAjw1NDEww1W7i37+ByIrOWO5XQQAzZ3VOcL0PNybwpfmV/N05zFAzwQ9USyEcX6t3UO+K5aqBQOIHw==",
      "dependencies": {
        "brace-expansion": "^1.1.7"
      },
      "engines": {
        "node": "*"
      }
    },
    "node_modules/once": {
      "version": "1.4.0",
      "resolved": "https://registry.npmjs.org/once/-/once-1.4.0.tgz",
      "integrity": "sha512-lNaJgI+2Q5URQBkccEKHTQOPaXdUxnZZElQTZY0MFUAuaEqe1E+Nyvgdz/aIyNi6Z9MzO5dv1H8n58/GELp3+w==",
      "dependencies": {
        "wrappy": "1"
      }
    },
    "node_modules/path-is-absolute": {
      "version": "1.0.1",
      "resolved": "https://registry.npmjs.org/path-is-absolute/-/path-is-absolute-1.0.1.tgz",
      "integrity": "sha512-AVbw3UJ2e9bq64vSaS9Am0fje1Pa8pbGqTTsmXfaIiMpnr5DlDhfJOuLj9Sf95ZPVDAUerDfEk88MPmPe7UCQg==",
      "engines": {
        "node": ">=0.10.0"
      }
    },
    "node_modules/rimraf": {
      "version": "3.0.2",
      "resolved": "https://registry.npmjs.org/rimraf/-/rimraf-3.0.2.tgz",
      "integrity": "sha512-JZkJMZkAGFFPP2YqXZXPbMlMBgsxzE8ILs4lMIX/2o0L9UBw9O/Y3o6wFw/i9YLapcUJWwqbi3kdxIPdC62TIA==",
      "dependencies": {
        "glob": "^7.1.3"
      },
      "bin": {
        "rimraf": "bin.js"
      },
      "funding": {
        "url": "https://github.com/sponsors/isaacs"
      }
    },
    "node_modules/tmp": {
      "version": "0.2.1",
      "resolved": "https://registry.npmjs.org/tmp/-/tmp-0.2.1.tgz",
      "integrity": "sha512-76SUhtfqR2Ijn+xllcI5P1oyannHNHByD80W1q447gU3mp9G9PSpGdWmjUOHRDPiHYacIk66W7ubDTuPF3BEtQ==",
      "dependencies": {
        "rimraf": "^3.0.0"
      },
      "engines": {
        "node": ">=8.17.0"
      }
    },
    "node_modules/tmp-promise": {
      "version": "3.0.3",
      "resolved": "https://registry.npmjs.org/tmp-promise/-/tmp-promise-3.0.3.tgz",
      "integrity": "sha512-RwM7MoPojPxsOBYnyd2hy0bxtIlVrihNs9pj5SUvY8Zz1sQcQG2tG1hSr8PDxfgEB8RNKDhqbIlroIarSNDNsQ==",
      "dependencies": {
        "tmp": "^0.2.0"
      }
    },
    "node_modules/wrappy": {
      "version": "1.0.2",
      "resolved": "https://registry.npmjs.org/wrappy/-/wrappy-1.0.2.tgz",
      "integrity": "sha512-l4Sp/DRseor9wL6EvV2+TuQn63dMkPjZ/sp9XkghTEbV9KlPS1xUsZ3u7/IQO4wxtcFB4bgpQPRcR3QCvezPcQ=="
    }
  }
}
